
Microsoft Visual Studio Solution File, Format Version 12.00
# Visual Studio Version 16
VisualStudioVersion = 16.0.29728.190
MinimumVisualStudioVersion = 10.0.40219.1
Project("{FAE04EC0-301F-11D3-BF4B-00C04F79EFBC}") = "stringToHtml", "stringToHtml\stringToHtml.csproj", "{FFF8496C-E682-4A32-BE21-48A5C6363476}"
EndProject
Project("{FAE04EC0-301F-11D3-BF4B-00C04F79EFBC}") = "СalculationOfProjectsThroughOOP", "СalculationOfProjectsThroughOOP\СalculationOfProjectsThroughOOP.csproj", "{3CD97E7A-B554-4EF9-AFB7-17E47B1147E1}"
EndProject
Project("{FAE04EC0-301F-11D3-BF4B-00C04F79EFBC}") = "ProjectsThrouthList", "ProjectsThrouthList\ProjectsThrouthList.csproj", "{12ED26CB-5560-4506-88E7-8C3FF7C8C6CD}"
EndProject
Project("{FAE04EC0-301F-11D3-BF4B-00C04F79EFBC}") = "ConveerAvtoOOP", "ConveerAvtoOOP\ConveerAvtoOOP.csproj", "{9CD992A6-2454-41EF-9B48-C710000900A1}"
EndProject
Project("{FAE04EC0-301F-11D3-BF4B-00C04F79EFBC}") = "ConveerAvtoV1", "ConveerAvtoV1\ConveerAvtoV1.csproj", "{19F3A09C-F61B-4457-900D-7FD5B9F6A164}"
EndProject
Project("{FAE04EC0-301F-11D3-BF4B-00C04F79EFBC}") = "PeregruzkaMetodov", "PeregruzkaMetodov\PeregruzkaMetodov.csproj", "{71882F66-D8D1-4375-ABA9-C2B8A6338AE1}"
EndProject
Project("{FAE04EC0-301F-11D3-BF4B-00C04F79EFBC}") = "NasledovaniePolimorfizm", "NasledovaniePolimorfizm\NasledovaniePolimorfizm.csproj", "{E5145A0F-379E-4DA2-BD5C-29848D89A570}"
EndProject
Global
	GlobalSection(SolutionConfigurationPlatforms) = preSolution
		Debug|Any CPU = Debug|Any CPU
		Release|Any CPU = Release|Any CPU
	EndGlobalSection
	GlobalSection(ProjectConfigurationPlatforms) = postSolution
		{FFF8496C-E682-4A32-BE21-48A5C6363476}.Debug|Any CPU.ActiveCfg = Debug|Any CPU
		{FFF8496C-E682-4A32-BE21-48A5C6363476}.Debug|Any CPU.Build.0 = Debug|Any CPU
		{FFF8496C-E682-4A32-BE21-48A5C6363476}.Release|Any CPU.ActiveCfg = Release|Any CPU
		{FFF8496C-E682-4A32-BE21-48A5C6363476}.Release|Any CPU.Build.0 = Release|Any CPU
		{3CD97E7A-B554-4EF9-AFB7-17E47B1147E1}.Debug|Any CPU.ActiveCfg = Debug|Any CPU
		{3CD97E7A-B554-4EF9-AFB7-17E47B1147E1}.Debug|Any CPU.Build.0 = Debug|Any CPU
		{3CD97E7A-B554-4EF9-AFB7-17E47B1147E1}.Release|Any CPU.ActiveCfg = Release|Any CPU
		{3CD97E7A-B554-4EF9-AFB7-17E47B1147E1}.Release|Any CPU.Build.0 = Release|Any CPU
		{12ED26CB-5560-4506-88E7-8C3FF7C8C6CD}.Debug|Any CPU.ActiveCfg = Debug|Any CPU
		{12ED26CB-5560-4506-88E7-8C3FF7C8C6CD}.Debug|Any CPU.Build.0 = Debug|Any CPU
		{12ED26CB-5560-4506-88E7-8C3FF7C8C6CD}.Release|Any CPU.ActiveCfg = Release|Any CPU
		{12ED26CB-5560-4506-88E7-8C3FF7C8C6CD}.Release|Any CPU.Build.0 = Release|Any CPU
		{9CD992A6-2454-41EF-9B48-C710000900A1}.Debug|Any CPU.ActiveCfg = Debug|Any CPU
		{9CD992A6-2454-41EF-9B48-C710000900A1}.Debug|Any CPU.Build.0 = Debug|Any CPU
		{9CD992A6-2454-41EF-9B48-C710000900A1}.Release|Any CPU.ActiveCfg = Release|Any CPU
		{9CD992A6-2454-41EF-9B48-C710000900A1}.Release|Any CPU.Build.0 = Release|Any CPU
		{19F3A09C-F61B-4457-900D-7FD5B9F6A164}.Debug|Any CPU.ActiveCfg = Debug|Any CPU
		{19F3A09C-F61B-4457-900D-7FD5B9F6A164}.Debug|Any CPU.Build.0 = Debug|Any CPU
		{19F3A09C-F61B-4457-900D-7FD5B9F6A164}.Release|Any CPU.ActiveCfg = Release|Any CPU
		{19F3A09C-F61B-4457-900D-7FD5B9F6A164}.Release|Any CPU.Build.0 = Release|Any CPU
		{71882F66-D8D1-4375-ABA9-C2B8A6338AE1}.Debug|Any CPU.ActiveCfg = Debug|Any CPU
		{71882F66-D8D1-4375-ABA9-C2B8A6338AE1}.Debug|Any CPU.Build.0 = Debug|Any CPU
		{71882F66-D8D1-4375-ABA9-C2B8A6338AE1}.Release|Any CPU.ActiveCfg = Release|Any CPU
		{71882F66-D8D1-4375-ABA9-C2B8A6338AE1}.Release|Any CPU.Build.0 = Release|Any CPU
		{E5145A0F-379E-4DA2-BD5C-29848D89A570}.Debug|Any CPU.ActiveCfg = Debug|Any CPU
		{E5145A0F-379E-4DA2-BD5C-29848D89A570}.Debug|Any CPU.Build.0 = Debug|Any CPU
		{E5145A0F-379E-4DA2-BD5C-29848D89A570}.Release|Any CPU.ActiveCfg = Release|Any CPU
		{E5145A0F-379E-4DA2-BD5C-29848D89A570}.Release|Any CPU.Build.0 = Release|Any CPU
	EndGlobalSection
	GlobalSection(SolutionProperties) = preSolution
		HideSolutionNode = FALSE
	EndGlobalSection
	GlobalSection(ExtensibilityGlobals) = postSolution
		SolutionGuid = {A66372B6-824E-4BC5-8DB7-A10DE21150BA}
	EndGlobalSection
EndGlobal
