
Microsoft Visual Studio Solution File, Format Version 12.00
# Visual Studio Version 16
VisualStudioVersion = 16.0.29728.190
MinimumVisualStudioVersion = 10.0.40219.1
Project("{FAE04EC0-301F-11D3-BF4B-00C04F79EFBC}") = "stringToHtml", "stringToHtml\stringToHtml.csproj", "{FFF8496C-E682-4A32-BE21-48A5C6363476}"
EndProject
Project("{FAE04EC0-301F-11D3-BF4B-00C04F79EFBC}") = "СalculationOfProjectsThroughOOP", "СalculationOfProjectsThroughOOP\СalculationOfProjectsThroughOOP.csproj", "{3CD97E7A-B554-4EF9-AFB7-17E47B1147E1}"
EndProject
Project("{FAE04EC0-301F-11D3-BF4B-00C04F79EFBC}") = "ProjectsThrouthList", "ProjectsThrouthList\ProjectsThrouthList.csproj", "{12ED26CB-5560-4506-88E7-8C3FF7C8C6CD}"
EndProject
Project("{FAE04EC0-301F-11D3-BF4B-00C04F79EFBC}") = "ConveerAvtoOOP", "ConveerAvtoOOP\ConveerAvtoOOP.csproj", "{9CD992A6-2454-41EF-9B48-C710000900A1}"
EndProject
Project("{FAE04EC0-301F-11D3-BF4B-00C04F79EFBC}") = "ConveerAvtoV1", "ConveerAvtoV1\ConveerAvtoV1.csproj", "{19F3A09C-F61B-4457-900D-7FD5B9F6A164}"
EndProject
Project("{FAE04EC0-301F-11D3-BF4B-00C04F79EFBC}") = "PeregruzkaMetodov", "PeregruzkaMetodov\PeregruzkaMetodov.csproj", "{71882F66-D8D1-4375-ABA9-C2B8A6338AE1}"
EndProject
Project("{FAE04EC0-301F-11D3-BF4B-00C04F79EFBC}") = "NasledovaniePolimorfizm", "NasledovaniePolimorfizm\NasledovaniePolimorfizm.csproj", "{E5145A0F-379E-4DA2-BD5C-29848D89A570}"
EndProject
Project("{FAE04EC0-301F-11D3-BF4B-00C04F79EFBC}") = "ENUM", "ENUM\ENUM.csproj", "{F17BE32D-4C17-45EE-97E8-AE46A5C0CEF6}"
EndProject
Project("{FAE04EC0-301F-11D3-BF4B-00C04F79EFBC}") = "Struct", "Struct\Struct.csproj", "{53FBAEC3-5D91-42AE-B13A-3F26A7AD2EF1}"
EndProject
Project("{FAE04EC0-301F-11D3-BF4B-00C04F79EFBC}") = "GameOfLifeMY", "GameOfLife\GameOfLifeMY.csproj", "{3D883A00-34E4-45D7-A816-83BA7BBE2097}"
EndProject
Project("{FAE04EC0-301F-11D3-BF4B-00C04F79EFBC}") = "GameOfLife", "..\..\..\..\Downloads\Om.GameOfLife\GameOfLife\GameOfLife.csproj", "{71DC91A9-E232-420E-A3B7-6BCE6FD61F2A}"
EndProject
Project("{FAE04EC0-301F-11D3-BF4B-00C04F79EFBC}") = "NasledovanieExample", "NasledovanieExample\NasledovanieExample.csproj", "{D6FBF97B-E479-4BB2-A62C-302D9A9B5C92}"
EndProject
Project("{FAE04EC0-301F-11D3-BF4B-00C04F79EFBC}") = "Oop_Avto_Abstract_Polimorfizm", "Oop_Avto_Abstract_Polimorfizm\Oop_Avto_Abstract_Polimorfizm.csproj", "{BFB56ABC-671C-4930-BDF4-19ECF52450C8}"
EndProject
Project("{FAE04EC0-301F-11D3-BF4B-00C04F79EFBC}") = "int", "int\int.csproj", "{345F2D44-FD2A-448D-8026-2A49D894DA5D}"
EndProject
Project("{FAE04EC0-301F-11D3-BF4B-00C04F79EFBC}") = "kolekcii", "kolekcii\kolekcii.csproj", "{9894E506-1391-4FBC-803C-FA30E16F5A80}"
EndProject
Project("{FAE04EC0-301F-11D3-BF4B-00C04F79EFBC}") = "CarGeneric", "CarGeneric\CarGeneric.csproj", "{6D99E8B2-5DFA-4C5E-B8B4-81FED46F0430}"
EndProject
Project("{FAE04EC0-301F-11D3-BF4B-00C04F79EFBC}") = "Delegate", "Delegate\Delegate.csproj", "{DFCCB784-AA6E-4ABE-B038-C851C7BD1A49}"
EndProject
Project("{FAE04EC0-301F-11D3-BF4B-00C04F79EFBC}") = "Indexers", "Indexers\Indexers.csproj", "{D59A0E0D-6228-41FD-AA07-C3A5B8647165}"
EndProject
Global
	GlobalSection(SolutionConfigurationPlatforms) = preSolution
		Debug|Any CPU = Debug|Any CPU
		Release|Any CPU = Release|Any CPU
	EndGlobalSection
	GlobalSection(ProjectConfigurationPlatforms) = postSolution
		{FFF8496C-E682-4A32-BE21-48A5C6363476}.Debug|Any CPU.ActiveCfg = Debug|Any CPU
		{FFF8496C-E682-4A32-BE21-48A5C6363476}.Debug|Any CPU.Build.0 = Debug|Any CPU
		{FFF8496C-E682-4A32-BE21-48A5C6363476}.Release|Any CPU.ActiveCfg = Release|Any CPU
		{FFF8496C-E682-4A32-BE21-48A5C6363476}.Release|Any CPU.Build.0 = Release|Any CPU
		{3CD97E7A-B554-4EF9-AFB7-17E47B1147E1}.Debug|Any CPU.ActiveCfg = Debug|Any CPU
		{3CD97E7A-B554-4EF9-AFB7-17E47B1147E1}.Debug|Any CPU.Build.0 = Debug|Any CPU
		{3CD97E7A-B554-4EF9-AFB7-17E47B1147E1}.Release|Any CPU.ActiveCfg = Release|Any CPU
		{3CD97E7A-B554-4EF9-AFB7-17E47B1147E1}.Release|Any CPU.Build.0 = Release|Any CPU
		{12ED26CB-5560-4506-88E7-8C3FF7C8C6CD}.Debug|Any CPU.ActiveCfg = Debug|Any CPU
		{12ED26CB-5560-4506-88E7-8C3FF7C8C6CD}.Debug|Any CPU.Build.0 = Debug|Any CPU
		{12ED26CB-5560-4506-88E7-8C3FF7C8C6CD}.Release|Any CPU.ActiveCfg = Release|Any CPU
		{12ED26CB-5560-4506-88E7-8C3FF7C8C6CD}.Release|Any CPU.Build.0 = Release|Any CPU
		{9CD992A6-2454-41EF-9B48-C710000900A1}.Debug|Any CPU.ActiveCfg = Debug|Any CPU
		{9CD992A6-2454-41EF-9B48-C710000900A1}.Debug|Any CPU.Build.0 = Debug|Any CPU
		{9CD992A6-2454-41EF-9B48-C710000900A1}.Release|Any CPU.ActiveCfg = Release|Any CPU
		{9CD992A6-2454-41EF-9B48-C710000900A1}.Release|Any CPU.Build.0 = Release|Any CPU
		{19F3A09C-F61B-4457-900D-7FD5B9F6A164}.Debug|Any CPU.ActiveCfg = Debug|Any CPU
		{19F3A09C-F61B-4457-900D-7FD5B9F6A164}.Debug|Any CPU.Build.0 = Debug|Any CPU
		{19F3A09C-F61B-4457-900D-7FD5B9F6A164}.Release|Any CPU.ActiveCfg = Release|Any CPU
		{19F3A09C-F61B-4457-900D-7FD5B9F6A164}.Release|Any CPU.Build.0 = Release|Any CPU
		{71882F66-D8D1-4375-ABA9-C2B8A6338AE1}.Debug|Any CPU.ActiveCfg = Debug|Any CPU
		{71882F66-D8D1-4375-ABA9-C2B8A6338AE1}.Debug|Any CPU.Build.0 = Debug|Any CPU
		{71882F66-D8D1-4375-ABA9-C2B8A6338AE1}.Release|Any CPU.ActiveCfg = Release|Any CPU
		{71882F66-D8D1-4375-ABA9-C2B8A6338AE1}.Release|Any CPU.Build.0 = Release|Any CPU
		{E5145A0F-379E-4DA2-BD5C-29848D89A570}.Debug|Any CPU.ActiveCfg = Debug|Any CPU
		{E5145A0F-379E-4DA2-BD5C-29848D89A570}.Debug|Any CPU.Build.0 = Debug|Any CPU
		{E5145A0F-379E-4DA2-BD5C-29848D89A570}.Release|Any CPU.ActiveCfg = Release|Any CPU
		{E5145A0F-379E-4DA2-BD5C-29848D89A570}.Release|Any CPU.Build.0 = Release|Any CPU
		{F17BE32D-4C17-45EE-97E8-AE46A5C0CEF6}.Debug|Any CPU.ActiveCfg = Debug|Any CPU
		{F17BE32D-4C17-45EE-97E8-AE46A5C0CEF6}.Debug|Any CPU.Build.0 = Debug|Any CPU
		{F17BE32D-4C17-45EE-97E8-AE46A5C0CEF6}.Release|Any CPU.ActiveCfg = Release|Any CPU
		{F17BE32D-4C17-45EE-97E8-AE46A5C0CEF6}.Release|Any CPU.Build.0 = Release|Any CPU
		{53FBAEC3-5D91-42AE-B13A-3F26A7AD2EF1}.Debug|Any CPU.ActiveCfg = Debug|Any CPU
		{53FBAEC3-5D91-42AE-B13A-3F26A7AD2EF1}.Debug|Any CPU.Build.0 = Debug|Any CPU
		{53FBAEC3-5D91-42AE-B13A-3F26A7AD2EF1}.Release|Any CPU.ActiveCfg = Release|Any CPU
		{53FBAEC3-5D91-42AE-B13A-3F26A7AD2EF1}.Release|Any CPU.Build.0 = Release|Any CPU
		{3D883A00-34E4-45D7-A816-83BA7BBE2097}.Debug|Any CPU.ActiveCfg = Debug|Any CPU
		{3D883A00-34E4-45D7-A816-83BA7BBE2097}.Debug|Any CPU.Build.0 = Debug|Any CPU
		{3D883A00-34E4-45D7-A816-83BA7BBE2097}.Release|Any CPU.ActiveCfg = Release|Any CPU
		{3D883A00-34E4-45D7-A816-83BA7BBE2097}.Release|Any CPU.Build.0 = Release|Any CPU
		{71DC91A9-E232-420E-A3B7-6BCE6FD61F2A}.Debug|Any CPU.ActiveCfg = Debug|Any CPU
		{71DC91A9-E232-420E-A3B7-6BCE6FD61F2A}.Debug|Any CPU.Build.0 = Debug|Any CPU
		{71DC91A9-E232-420E-A3B7-6BCE6FD61F2A}.Release|Any CPU.ActiveCfg = Release|Any CPU
		{71DC91A9-E232-420E-A3B7-6BCE6FD61F2A}.Release|Any CPU.Build.0 = Release|Any CPU
		{D6FBF97B-E479-4BB2-A62C-302D9A9B5C92}.Debug|Any CPU.ActiveCfg = Debug|Any CPU
		{D6FBF97B-E479-4BB2-A62C-302D9A9B5C92}.Debug|Any CPU.Build.0 = Debug|Any CPU
		{D6FBF97B-E479-4BB2-A62C-302D9A9B5C92}.Release|Any CPU.ActiveCfg = Release|Any CPU
		{D6FBF97B-E479-4BB2-A62C-302D9A9B5C92}.Release|Any CPU.Build.0 = Release|Any CPU
		{BFB56ABC-671C-4930-BDF4-19ECF52450C8}.Debug|Any CPU.ActiveCfg = Debug|Any CPU
		{BFB56ABC-671C-4930-BDF4-19ECF52450C8}.Debug|Any CPU.Build.0 = Debug|Any CPU
		{BFB56ABC-671C-4930-BDF4-19ECF52450C8}.Release|Any CPU.ActiveCfg = Release|Any CPU
		{BFB56ABC-671C-4930-BDF4-19ECF52450C8}.Release|Any CPU.Build.0 = Release|Any CPU
		{345F2D44-FD2A-448D-8026-2A49D894DA5D}.Debug|Any CPU.ActiveCfg = Debug|Any CPU
		{345F2D44-FD2A-448D-8026-2A49D894DA5D}.Debug|Any CPU.Build.0 = Debug|Any CPU
		{345F2D44-FD2A-448D-8026-2A49D894DA5D}.Release|Any CPU.ActiveCfg = Release|Any CPU
		{345F2D44-FD2A-448D-8026-2A49D894DA5D}.Release|Any CPU.Build.0 = Release|Any CPU
		{9894E506-1391-4FBC-803C-FA30E16F5A80}.Debug|Any CPU.ActiveCfg = Debug|Any CPU
		{9894E506-1391-4FBC-803C-FA30E16F5A80}.Debug|Any CPU.Build.0 = Debug|Any CPU
		{9894E506-1391-4FBC-803C-FA30E16F5A80}.Release|Any CPU.ActiveCfg = Release|Any CPU
		{9894E506-1391-4FBC-803C-FA30E16F5A80}.Release|Any CPU.Build.0 = Release|Any CPU
		{6D99E8B2-5DFA-4C5E-B8B4-81FED46F0430}.Debug|Any CPU.ActiveCfg = Debug|Any CPU
		{6D99E8B2-5DFA-4C5E-B8B4-81FED46F0430}.Debug|Any CPU.Build.0 = Debug|Any CPU
		{6D99E8B2-5DFA-4C5E-B8B4-81FED46F0430}.Release|Any CPU.ActiveCfg = Release|Any CPU
		{6D99E8B2-5DFA-4C5E-B8B4-81FED46F0430}.Release|Any CPU.Build.0 = Release|Any CPU
		{DFCCB784-AA6E-4ABE-B038-C851C7BD1A49}.Debug|Any CPU.ActiveCfg = Debug|Any CPU
		{DFCCB784-AA6E-4ABE-B038-C851C7BD1A49}.Debug|Any CPU.Build.0 = Debug|Any CPU
		{DFCCB784-AA6E-4ABE-B038-C851C7BD1A49}.Release|Any CPU.ActiveCfg = Release|Any CPU
		{DFCCB784-AA6E-4ABE-B038-C851C7BD1A49}.Release|Any CPU.Build.0 = Release|Any CPU
		{D59A0E0D-6228-41FD-AA07-C3A5B8647165}.Debug|Any CPU.ActiveCfg = Debug|Any CPU
		{D59A0E0D-6228-41FD-AA07-C3A5B8647165}.Debug|Any CPU.Build.0 = Debug|Any CPU
		{D59A0E0D-6228-41FD-AA07-C3A5B8647165}.Release|Any CPU.ActiveCfg = Release|Any CPU
		{D59A0E0D-6228-41FD-AA07-C3A5B8647165}.Release|Any CPU.Build.0 = Release|Any CPU
	EndGlobalSection
	GlobalSection(SolutionProperties) = preSolution
		HideSolutionNode = FALSE
	EndGlobalSection
	GlobalSection(ExtensibilityGlobals) = postSolution
		SolutionGuid = {A66372B6-824E-4BC5-8DB7-A10DE21150BA}
	EndGlobalSection
EndGlobal
